<Solution>
  <Project Path="sandbox/CsvTranscoder.MessagePack.Sample/CsvTranscoder.MessagePack.Sample.csproj" />
  <Project Path="src/CsvTranscoder.MessagePack/CsvTranscoder.MessagePack.csproj" />
  <Project Path="src/CsvTranscoder.MessagePack.GameKernel/CsvTranscoder.MessagePack.GameKernel.csproj" />
  <Project Path="src/CsvTranscoder.MessagePack.Localization/CsvTranscoder.MessagePack.Localization.csproj" />
  <Project Path="tests/CsvTranscoder.MessagePack.Tests/CsvTranscoder.MessagePack.Tests.csproj" />
</Solution>
